{
  "name": "wp-plugin-react-typescript",
  "version": "1.0.0",
  "lockfileVersion": 3,
  "requires": true,
  "packages": {
    "": {
      "name": "wp-plugin-react-typescript",
      "version": "1.0.0",
      "bin": {
        "wp-plugin-react-typescript": "bundle.mjs"
      },
      "devDependencies": {
        "@clack/prompts": "^0.11.0",
        "@colakit/capitalize": "^1.0.12",
        "rolldown": "^1.0.0-beta.26"
      }
    },
    "node_modules/@clack/core": {
      "version": "0.5.0",
      "resolved": "https://registry.npmjs.org/@clack/core/-/core-0.5.0.tgz",
      "integrity": "sha512-p3y0FIOwaYRUPRcMO7+dlmLh8PSRcrjuTndsiA0WAFbWES0mLZlrjVoBRZ9DzkPFJZG6KGkJmoEAY0ZcVWTkow==",
      "dev": true,
      "license": "MIT",
      "dependencies": {
        "picocolors": "^1.0.0",
        "sisteransi": "^1.0.5"
      }
    },
    "node_modules/@clack/prompts": {
      "version": "0.11.0",
      "resolved": "https://registry.npmjs.org/@clack/prompts/-/prompts-0.11.0.tgz",
      "integrity": "sha512-pMN5FcrEw9hUkZA4f+zLlzivQSeQf5dRGJjSUbvVYDLvpKCdQx5OaknvKzgbtXOizhP+SJJJjqEbOe55uKKfAw==",
      "dev": true,
      "license": "MIT",
      "dependencies": {
        "@clack/core": "0.5.0",
        "picocolors": "^1.0.0",
        "sisteransi": "^1.0.5"
      }
    },
    "node_modules/@colakit/capitalize": {
      "version": "1.0.12",
      "resolved": "https://registry.npmjs.org/@colakit/capitalize/-/capitalize-1.0.12.tgz",
      "integrity": "sha512-OSQ3UPxBrLovjJoOX3wZnnNG7TUX0X20PPtWpNHl7/vo3OyK8qWOqrWxzTOWdr3md+5YdrLMR8ejZeWPG0hwOQ==",
      "dev": true,
      "license": "MIT",
      "dependencies": {
        "typescript": "^5.3.3"
      }
    },
    "node_modules/@emnapi/core": {
      "version": "1.4.4",
      "resolved": "https://registry.npmjs.org/@emnapi/core/-/core-1.4.4.tgz",
      "integrity": "sha512-A9CnAbC6ARNMKcIcrQwq6HeHCjpcBZ5wSx4U01WXCqEKlrzB9F9315WDNHkrs2xbx7YjjSxbUYxuN6EQzpcY2g==",
      "dev": true,
      "license": "MIT",
      "optional": true,
      "dependencies": {
        "@emnapi/wasi-threads": "1.0.3",
        "tslib": "^2.4.0"
      }
    },
    "node_modules/@emnapi/runtime": {
      "version": "1.4.4",
      "resolved": "https://registry.npmjs.org/@emnapi/runtime/-/runtime-1.4.4.tgz",
      "integrity": "sha512-hHyapA4A3gPaDCNfiqyZUStTMqIkKRshqPIuDOXv1hcBnD4U3l8cP0T1HMCfGRxQ6V64TGCcoswChANyOAwbQg==",
      "dev": true,
      "license": "MIT",
      "optional": true,
      "dependencies": {
        "tslib": "^2.4.0"
      }
    },
    "node_modules/@emnapi/wasi-threads": {
      "version": "1.0.3",
      "resolved": "https://registry.npmjs.org/@emnapi/wasi-threads/-/wasi-threads-1.0.3.tgz",
      "integrity": "sha512-8K5IFFsQqF9wQNJptGbS6FNKgUTsSRYnTqNCG1vPP8jFdjSv18n2mQfJpkt2Oibo9iBEzcDnDxNwKTzC7svlJw==",
      "dev": true,
      "license": "MIT",
      "optional": true,
      "dependencies": {
        "tslib": "^2.4.0"
      }
    },
    "node_modules/@napi-rs/wasm-runtime": {
      "version": "0.2.12",
      "resolved": "https://registry.npmjs.org/@napi-rs/wasm-runtime/-/wasm-runtime-0.2.12.tgz",
      "integrity": "sha512-ZVWUcfwY4E/yPitQJl481FjFo3K22D6qF0DuFH6Y/nbnE11GY5uguDxZMGXPQ8WQ0128MXQD7TnfHyK4oWoIJQ==",
      "dev": true,
      "license": "MIT",
      "optional": true,
      "dependencies": {
        "@emnapi/core": "^1.4.3",
        "@emnapi/runtime": "^1.4.3",
        "@tybys/wasm-util": "^0.10.0"
      }
    },
    "node_modules/@oxc-project/runtime": {
      "version": "0.76.0",
      "resolved": "https://registry.npmjs.org/@oxc-project/runtime/-/runtime-0.76.0.tgz",
      "integrity": "sha512-17iezP/BukiovZZR7lp6fZZjNTOmodCWQKkI7sn2sOB1TiccRWzO2bpxnE94jhg8l+nBRMrwnM/cjFCr23winw==",
      "dev": true,
      "license": "MIT",
      "engines": {
        "node": ">=6.9.0"
      }
    },
    "node_modules/@oxc-project/types": {
      "version": "0.76.0",
      "resolved": "https://registry.npmjs.org/@oxc-project/types/-/types-0.76.0.tgz",
      "integrity": "sha512-CH3THIrSViKal8yV/Wh3FK0pFhp40nzW1MUDCik9fNuid2D/7JJXKJnfFOAvMxInGXDlvmgT6ACAzrl47TqzkQ==",
      "dev": true,
      "license": "MIT",
      "funding": {
        "url": "https://github.com/sponsors/Boshen"
      }
    },
    "node_modules/@rolldown/binding-darwin-arm64": {
      "version": "1.0.0-beta.26",
      "resolved": "https://registry.npmjs.org/@rolldown/binding-darwin-arm64/-/binding-darwin-arm64-1.0.0-beta.26.tgz",
      "integrity": "sha512-I73Ej+PVoCJiYQHpy45CHKkLgFqrYv9O1CUJs6TIav6f8f9WAVeN/k0YXrs0tgMO20AfsyEN8zenz2wprVWOYQ==",
      "cpu": [
        "arm64"
      ],
      "dev": true,
      "license": "MIT",
      "optional": true,
      "os": [
        "darwin"
      ]
    },
    "node_modules/@rolldown/binding-darwin-x64": {
      "version": "1.0.0-beta.26",
      "resolved": "https://registry.npmjs.org/@rolldown/binding-darwin-x64/-/binding-darwin-x64-1.0.0-beta.26.tgz",
      "integrity": "sha512-IcXzfO2/9bnm6WfCNmGxBiD1kQQdA0pTjjGcjvglUub8H6RlEY0tz+IIQxUirsl/++84S0PkCuafAxZi8Am8fg==",
      "cpu": [
        "x64"
      ],
      "dev": true,
      "license": "MIT",
      "optional": true,
      "os": [
        "darwin"
      ]
    },
    "node_modules/@rolldown/binding-freebsd-x64": {
      "version": "1.0.0-beta.26",
      "resolved": "https://registry.npmjs.org/@rolldown/binding-freebsd-x64/-/binding-freebsd-x64-1.0.0-beta.26.tgz",
      "integrity": "sha512-foLJNqEFdvwFm2MXDFxgywxJMic+wovbpEyszlz5K/sUbN7sP2+NJ7MZAUMHuggiswB4Rt1HqRLYKy26zJev8g==",
      "cpu": [
        "x64"
      ],
      "dev": true,
      "license": "MIT",
      "optional": true,
      "os": [
        "freebsd"
      ]
    },
    "node_modules/@rolldown/binding-linux-arm-gnueabihf": {
      "version": "1.0.0-beta.26",
      "resolved": "https://registry.npmjs.org/@rolldown/binding-linux-arm-gnueabihf/-/binding-linux-arm-gnueabihf-1.0.0-beta.26.tgz",
      "integrity": "sha512-1BWDpLtujfZCvWAcfIamqHGWo2+VnPWvpZQR0DL5qNit6cu3FC0sRZ+bZzTUK0QWDTA7nUy5RR9fUTL2PQxH2g==",
      "cpu": [
        "arm"
      ],
      "dev": true,
      "license": "MIT",
      "optional": true,
      "os": [
        "linux"
      ]
    },
    "node_modules/@rolldown/binding-linux-arm64-gnu": {
      "version": "1.0.0-beta.26",
      "resolved": "https://registry.npmjs.org/@rolldown/binding-linux-arm64-gnu/-/binding-linux-arm64-gnu-1.0.0-beta.26.tgz",
      "integrity": "sha512-lg6DVwciFb7sIw0ONDHeLhRuFQl/wz+J26bxfVOVzVoQ7Zgl07gDklv7q96W7SRDAjlG/20flBOexdiPim/I3g==",
      "cpu": [
        "arm64"
      ],
      "dev": true,
      "license": "MIT",
      "optional": true,
      "os": [
        "linux"
      ]
    },
    "node_modules/@rolldown/binding-linux-arm64-musl": {
      "version": "1.0.0-beta.26",
      "resolved": "https://registry.npmjs.org/@rolldown/binding-linux-arm64-musl/-/binding-linux-arm64-musl-1.0.0-beta.26.tgz",
      "integrity": "sha512-0X14trOBVtU13Y0XYeb8EvOvb3/TxJVOmalDakEID/UUX9qkvOmlU0fvoDVmsnhH6yx23bDlpmOj0f8V3BCgIw==",
      "cpu": [
        "arm64"
      ],
      "dev": true,
      "license": "MIT",
      "optional": true,
      "os": [
        "linux"
      ]
    },
    "node_modules/@rolldown/binding-linux-x64-gnu": {
      "version": "1.0.0-beta.26",
      "resolved": "https://registry.npmjs.org/@rolldown/binding-linux-x64-gnu/-/binding-linux-x64-gnu-1.0.0-beta.26.tgz",
      "integrity": "sha512-stb8XloM+N3hSKUs6kS5tNqrlTGsCoYuh9emFZtTovfFzzdFYevgXoOdeGoXv9KkPh5B7MOMl4/7c+WaX46Opg==",
      "cpu": [
        "x64"
      ],
      "dev": true,
      "license": "MIT",
      "optional": true,
      "os": [
        "linux"
      ]
    },
    "node_modules/@rolldown/binding-linux-x64-musl": {
      "version": "1.0.0-beta.26",
      "resolved": "https://registry.npmjs.org/@rolldown/binding-linux-x64-musl/-/binding-linux-x64-musl-1.0.0-beta.26.tgz",
      "integrity": "sha512-5udEpAS5IUy2t74d/m40JUYyk3Ga8QXQDvK7eGqDDOwz8/7Piq0kCwmNuLnpSRiqbXNP8mnVlvtIcASJUEtRPA==",
      "cpu": [
        "x64"
      ],
      "dev": true,
      "license": "MIT",
      "optional": true,
      "os": [
        "linux"
      ]
    },
    "node_modules/@rolldown/binding-wasm32-wasi": {
      "version": "1.0.0-beta.26",
      "resolved": "https://registry.npmjs.org/@rolldown/binding-wasm32-wasi/-/binding-wasm32-wasi-1.0.0-beta.26.tgz",
      "integrity": "sha512-Is5tTdScXXQzslj7+jCFncPoRNARJ/+fYt/C9+Yx0QQ67/m8pGPLFoCzIKmJQZ8QHzOfq5ML4CQlMgBbCFlZqQ==",
      "cpu": [
        "wasm32"
      ],
      "dev": true,
      "license": "MIT",
      "optional": true,
      "dependencies": {
        "@napi-rs/wasm-runtime": "^0.2.10"
      },
      "engines": {
        "node": ">=14.21.3"
      }
    },
    "node_modules/@rolldown/binding-win32-arm64-msvc": {
      "version": "1.0.0-beta.26",
      "resolved": "https://registry.npmjs.org/@rolldown/binding-win32-arm64-msvc/-/binding-win32-arm64-msvc-1.0.0-beta.26.tgz",
      "integrity": "sha512-bH+TB+/8Z/95cxGws0fH995HsbsopVYdGcuM1Z/Hnqe7KPLkhqkubsambHQYd1V/QNbLzAgJ0nMAFLyBrwFZZQ==",
      "cpu": [
        "arm64"
      ],
      "dev": true,
      "license": "MIT",
      "optional": true,
      "os": [
        "win32"
      ]
    },
    "node_modules/@rolldown/binding-win32-ia32-msvc": {
      "version": "1.0.0-beta.26",
      "resolved": "https://registry.npmjs.org/@rolldown/binding-win32-ia32-msvc/-/binding-win32-ia32-msvc-1.0.0-beta.26.tgz",
      "integrity": "sha512-Nsg7ZzfwLHwKGneuNHEpqdBekmZA5pzVOuFx5R8EVyva8dg+sgtDHQRmiVSVYe25YYISNFXDSuHKwNhrWI4HWA==",
      "cpu": [
        "ia32"
      ],
      "dev": true,
      "license": "MIT",
      "optional": true,
      "os": [
        "win32"
      ]
    },
    "node_modules/@rolldown/binding-win32-x64-msvc": {
      "version": "1.0.0-beta.26",
      "resolved": "https://registry.npmjs.org/@rolldown/binding-win32-x64-msvc/-/binding-win32-x64-msvc-1.0.0-beta.26.tgz",
      "integrity": "sha512-NE5Btf10Fu3IbpHxrlRkgcO/d05iEpbIiP/XdMYW7Lc9BGSgE4f8njUHnM0V2XJKyXkC1fqv/uHSEw2dCNgzxQ==",
      "cpu": [
        "x64"
      ],
      "dev": true,
      "license": "MIT",
      "optional": true,
      "os": [
        "win32"
      ]
    },
    "node_modules/@rolldown/pluginutils": {
      "version": "1.0.0-beta.26",
      "resolved": "https://registry.npmjs.org/@rolldown/pluginutils/-/pluginutils-1.0.0-beta.26.tgz",
      "integrity": "sha512-r/5po89voz/QRPDmoErL10+hVuTAuz1SHvokx+yWBlOIPB5C41jC7QhLqq9kaebx/+EHyoV3z22/qBfX81Ns8A==",
      "dev": true,
      "license": "MIT"
    },
    "node_modules/@tybys/wasm-util": {
      "version": "0.10.0",
      "resolved": "https://registry.npmjs.org/@tybys/wasm-util/-/wasm-util-0.10.0.tgz",
      "integrity": "sha512-VyyPYFlOMNylG45GoAe0xDoLwWuowvf92F9kySqzYh8vmYm7D2u4iUJKa1tOUpS70Ku13ASrOkS4ScXFsTaCNQ==",
      "dev": true,
      "license": "MIT",
      "optional": true,
      "dependencies": {
        "tslib": "^2.4.0"
      }
    },
    "node_modules/ansis": {
      "version": "4.1.0",
      "resolved": "https://registry.npmjs.org/ansis/-/ansis-4.1.0.tgz",
      "integrity": "sha512-BGcItUBWSMRgOCe+SVZJ+S7yTRG0eGt9cXAHev72yuGcY23hnLA7Bky5L/xLyPINoSN95geovfBkqoTlNZYa7w==",
      "dev": true,
      "license": "ISC",
      "engines": {
        "node": ">=14"
      }
    },
    "node_modules/picocolors": {
      "version": "1.1.1",
      "resolved": "https://registry.npmjs.org/picocolors/-/picocolors-1.1.1.tgz",
      "integrity": "sha512-xceH2snhtb5M9liqDsmEw56le376mTZkEX/jEb/RxNFyegNul7eNslCXP9FDj/Lcu0X8KEyMceP2ntpaHrDEVA==",
      "dev": true,
      "license": "ISC"
    },
    "node_modules/rolldown": {
      "version": "1.0.0-beta.26",
      "resolved": "https://registry.npmjs.org/rolldown/-/rolldown-1.0.0-beta.26.tgz",
      "integrity": "sha512-2rad1JDFst/GD1J86RuqN1SIP8O8Xv4UbqNyKaVayXTjgF0D6HpvTnUZ1RQ6tANpZweGmq4v6Ay0uyRNEycFPw==",
      "dev": true,
      "license": "MIT",
      "dependencies": {
        "@oxc-project/runtime": "=0.76.0",
        "@oxc-project/types": "=0.76.0",
        "@rolldown/pluginutils": "1.0.0-beta.26",
        "ansis": "^4.0.0"
      },
      "bin": {
        "rolldown": "bin/cli.mjs"
      },
      "optionalDependencies": {
        "@rolldown/binding-darwin-arm64": "1.0.0-beta.26",
        "@rolldown/binding-darwin-x64": "1.0.0-beta.26",
        "@rolldown/binding-freebsd-x64": "1.0.0-beta.26",
        "@rolldown/binding-linux-arm-gnueabihf": "1.0.0-beta.26",
        "@rolldown/binding-linux-arm64-gnu": "1.0.0-beta.26",
        "@rolldown/binding-linux-arm64-musl": "1.0.0-beta.26",
        "@rolldown/binding-linux-x64-gnu": "1.0.0-beta.26",
        "@rolldown/binding-linux-x64-musl": "1.0.0-beta.26",
        "@rolldown/binding-wasm32-wasi": "1.0.0-beta.26",
        "@rolldown/binding-win32-arm64-msvc": "1.0.0-beta.26",
        "@rolldown/binding-win32-ia32-msvc": "1.0.0-beta.26",
        "@rolldown/binding-win32-x64-msvc": "1.0.0-beta.26"
      }
    },
    "node_modules/sisteransi": {
      "version": "1.0.5",
      "resolved": "https://registry.npmjs.org/sisteransi/-/sisteransi-1.0.5.tgz",
      "integrity": "sha512-bLGGlR1QxBcynn2d5YmDX4MGjlZvy2MRBDRNHLJ8VI6l6+9FUiyTFNJ0IveOSP0bcXgVDPRcfGqA0pjaqUpfVg==",
      "dev": true,
      "license": "MIT"
    },
    "node_modules/tslib": {
      "version": "2.8.1",
      "resolved": "https://registry.npmjs.org/tslib/-/tslib-2.8.1.tgz",
      "integrity": "sha512-oJFu94HQb+KVduSUQL7wnpmqnfmLsOA/nAh6b6EH0wCEoK0/mPeXU6c3wKDV83MkOuHPRHtSXKKU99IBazS/2w==",
      "dev": true,
      "license": "0BSD",
      "optional": true
    },
    "node_modules/typescript": {
      "version": "5.8.3",
      "resolved": "https://registry.npmjs.org/typescript/-/typescript-5.8.3.tgz",
      "integrity": "sha512-p1diW6TqL9L07nNxvRMM7hMMw4c5XOo/1ibL4aAIGmSAt9slTE1Xgw5KWuof2uTOvCg9BY7ZRi+GaF+7sfgPeQ==",
      "dev": true,
      "license": "Apache-2.0",
      "bin": {
        "tsc": "bin/tsc",
        "tsserver": "bin/tsserver"
      },
      "engines": {
        "node": ">=14.17"
      }
    }
  }
}
